{
    "name": "@types/sources-types",
    "version": "1.0.1",
    "lockfileVersion": 2,
    "requires": true,
    "packages": {
        "": {
            "name": "@types/sources-types",
            "version": "1.0.1",
            "devDependencies": {
                "@types/sources-types": "file:types-sources-types-1.0.1.tgz"
            }
        },
        "node_modules/@types/sources-types": {
            "version": "1.0.1",
            "resolved": "file:types-sources-types-1.0.1.tgz",
            "integrity": "sha512-uUOBg6xQ8vrvYhntCCKpITT3mHC+2LPpCS5e9DAE4KpBjw8GjwB9OhR/C+ig5URNuj2qpQC7SgqnaA7O5QFSVA==",
            "dev": true
        }
    },
    "dependencies": {
        "@types/sources-types": {
            "version": "file:types-sources-types-1.0.1.tgz",
            "integrity": "sha512-uUOBg6xQ8vrvYhntCCKpITT3mHC+2LPpCS5e9DAE4KpBjw8GjwB9OhR/C+ig5URNuj2qpQC7SgqnaA7O5QFSVA==",
            "dev": true
        }
    }
}
